// !$*UTF8*$!
{
	archiveVersion = 1;
	classes = {
	};
	objectVersion = 46;
	objects = {

/* Begin PBXBuildFile section */
		CE079CD21BBD9BAF008187C8 /* Reduce.vsh in Resources */ = {isa = PBXBuildFile; fileRef = CE079CD11BBD9BAF008187C8 /* Reduce.vsh */; };
		CE2ED4E61B962942007343DA /* Position.fsh in Resources */ = {isa = PBXBuildFile; fileRef = CE2ED4DE1B962942007343DA /* Position.fsh */; };
		CE2ED4E71B962942007343DA /* Position.vsh in Resources */ = {isa = PBXBuildFile; fileRef = CE2ED4DF1B962942007343DA /* Position.vsh */; };
		CE2ED4E81B962942007343DA /* TexturePosition.fsh in Resources */ = {isa = PBXBuildFile; fileRef = CE2ED4E01B962942007343DA /* TexturePosition.fsh */; };
		CE2ED4E91B962942007343DA /* TexturePosition.vsh in Resources */ = {isa = PBXBuildFile; fileRef = CE2ED4E11B962942007343DA /* TexturePosition.vsh */; };
		CE2ED5331B96295B007343DA /* Advect.fsh in Resources */ = {isa = PBXBuildFile; fileRef = CE2ED5201B96295B007343DA /* Advect.fsh */; };
		CE2ED5341B96295B007343DA /* AdvectDensity.fsh in Resources */ = {isa = PBXBuildFile; fileRef = CE2ED5211B96295B007343DA /* AdvectDensity.fsh */; };
		CE2ED5361B96295B007343DA /* Div.fsh in Resources */ = {isa = PBXBuildFile; fileRef = CE2ED5231B96295B007343DA /* Div.fsh */; };
		CE2ED5371B96295B007343DA /* Correct.fsh in Resources */ = {isa = PBXBuildFile; fileRef = CE2ED5261B96295B007343DA /* Correct.fsh */; };
		CE2ED5391B96295B007343DA /* Prolongate.fsh in Resources */ = {isa = PBXBuildFile; fileRef = CE2ED5281B96295B007343DA /* Prolongate.fsh */; };
		CE2ED53A1B96295B007343DA /* Residual.fsh in Resources */ = {isa = PBXBuildFile; fileRef = CE2ED5291B96295B007343DA /* Residual.fsh */; };
		CE2ED53B1B96295B007343DA /* Restrict.fsh in Resources */ = {isa = PBXBuildFile; fileRef = CE2ED52A1B96295B007343DA /* Restrict.fsh */; };
		CE2ED53D1B96295B007343DA /* Stencil.fsh in Resources */ = {isa = PBXBuildFile; fileRef = CE2ED52D1B96295B007343DA /* Stencil.fsh */; };
		CE2ED53E1B96295B007343DA /* SOR.fsh in Resources */ = {isa = PBXBuildFile; fileRef = CE2ED52E1B96295B007343DA /* SOR.fsh */; };
		CE2ED53F1B96295B007343DA /* Project.fsh in Resources */ = {isa = PBXBuildFile; fileRef = CE2ED52F1B96295B007343DA /* Project.fsh */; };
		CE2ED5421B96295B007343DA /* Weights.fsh in Resources */ = {isa = PBXBuildFile; fileRef = CE2ED5321B96295B007343DA /* Weights.fsh */; };
		CE2ED5451B962F0D007343DA /* hfloat.cpp in Sources */ = {isa = PBXBuildFile; fileRef = CE2ED5431B962F0D007343DA /* hfloat.cpp */; };
		CE2ED54B1B9633DA007343DA /* Boundaries.cpp in Sources */ = {isa = PBXBuildFile; fileRef = CE2ED5491B9633DA007343DA /* Boundaries.cpp */; };
		CE50E2511B862F0700548C19 /* WindowRenderer.cpp in Sources */ = {isa = PBXBuildFile; fileRef = CE50E24F1B862F0700548C19 /* WindowRenderer.cpp */; };
		CE50E2531B863B0600548C19 /* OpenGL.framework in Frameworks */ = {isa = PBXBuildFile; fileRef = CE6D63131B84E5E3006729F0 /* OpenGL.framework */; };
		CE6D62EE1B84E001006729F0 /* main.cpp in Sources */ = {isa = PBXBuildFile; fileRef = CE6D62ED1B84E001006729F0 /* main.cpp */; };
		CE6D63091B84E20D006729F0 /* RenderTexture.cpp in Sources */ = {isa = PBXBuildFile; fileRef = CE6D62F31B84E20D006729F0 /* RenderTexture.cpp */; };
		CE6D630E1B84E20D006729F0 /* Shapes.cpp in Sources */ = {isa = PBXBuildFile; fileRef = CE6D62FE1B84E20D006729F0 /* Shapes.cpp */; };
		CE6D63101B84E20D006729F0 /* Shader.cpp in Sources */ = {isa = PBXBuildFile; fileRef = CE6D63011B84E20D006729F0 /* Shader.cpp */; };
		CE6D63121B84E20D006729F0 /* Texture.cpp in Sources */ = {isa = PBXBuildFile; fileRef = CE6D63051B84E20D006729F0 /* Texture.cpp */; };
		CE6D63231B84E7B6006729F0 /* Engine.cpp in Sources */ = {isa = PBXBuildFile; fileRef = CE6D631B1B84E7B6006729F0 /* Engine.cpp */; };
		CE6D632D1B84EAEA006729F0 /* Quad.cpp in Sources */ = {isa = PBXBuildFile; fileRef = CE6D632B1B84EAEA006729F0 /* Quad.cpp */; };
		CE6D63361B84ED96006729F0 /* SuccessiveOverRelaxation.cpp in Sources */ = {isa = PBXBuildFile; fileRef = CE6D63341B84ED96006729F0 /* SuccessiveOverRelaxation.cpp */; };
		CE6D636E1B84F4DB006729F0 /* Reader.cpp in Sources */ = {isa = PBXBuildFile; fileRef = CE6D636C1B84F4DB006729F0 /* Reader.cpp */; };
		CE6E0F691B9F4DF800D77927 /* Advection.cpp in Sources */ = {isa = PBXBuildFile; fileRef = CE6E0F671B9F4DF800D77927 /* Advection.cpp */; };
		CE6E0F6E1BA2113A00D77927 /* Multigrid.cpp in Sources */ = {isa = PBXBuildFile; fileRef = CE6E0F6C1BA2113A00D77927 /* Multigrid.cpp */; };
		CE9242111BA88656003E0869 /* ConjugateGradient.cpp in Sources */ = {isa = PBXBuildFile; fileRef = CE92420F1BA88656003E0869 /* ConjugateGradient.cpp */; };
		CE9242191BA896F0003E0869 /* Reduce.fsh in Resources */ = {isa = PBXBuildFile; fileRef = CE9242181BA896F0003E0869 /* Reduce.fsh */; };
		CEA4B5111BBB116100D0830F /* MultiplySub.fsh in Resources */ = {isa = PBXBuildFile; fileRef = CEA4B5101BBB116100D0830F /* MultiplySub.fsh */; };
		CECA49AE1BB7F38800067D3B /* Sprite.cpp in Sources */ = {isa = PBXBuildFile; fileRef = CECA49AC1BB7F38800067D3B /* Sprite.cpp */; };
		CECA49B01BB7FA4600067D3B /* MultiplyMatrix.fsh in Resources */ = {isa = PBXBuildFile; fileRef = CECA49AF1BB7FA4600067D3B /* MultiplyMatrix.fsh */; };
		CECA49B21BB7FA9300067D3B /* MultiplyAdd.fsh in Resources */ = {isa = PBXBuildFile; fileRef = CECA49B11BB7FA9300067D3B /* MultiplyAdd.fsh */; };
		CECA49B41BB7FA9D00067D3B /* Divide.fsh in Resources */ = {isa = PBXBuildFile; fileRef = CECA49B31BB7FA9D00067D3B /* Divide.fsh */; };
		CECA49B61BB7FD2A00067D3B /* Multiply.fsh in Resources */ = {isa = PBXBuildFile; fileRef = CECA49B51BB7FD2A00067D3B /* Multiply.fsh */; };
/* End PBXBuildFile section */

/* Begin PBXFileReference section */
		CE079CD11BBD9BAF008187C8 /* Reduce.vsh */ = {isa = PBXFileReference; fileEncoding = 4; lastKnownFileType = sourcecode.glsl; path = Reduce.vsh; sourceTree = "<group>"; };
		CE2ED4DE1B962942007343DA /* Position.fsh */ = {isa = PBXFileReference; fileEncoding = 4; lastKnownFileType = sourcecode.glsl; name = Position.fsh; path = Shaders/Renderer/Position.fsh; sourceTree = "<group>"; };
		CE2ED4DF1B962942007343DA /* Position.vsh */ = {isa = PBXFileReference; fileEncoding = 4; lastKnownFileType = sourcecode.glsl; name = Position.vsh; path = Shaders/Renderer/Position.vsh; sourceTree = "<group>"; };
		CE2ED4E01B962942007343DA /* TexturePosition.fsh */ = {isa = PBXFileReference; fileEncoding = 4; lastKnownFileType = sourcecode.glsl; name = TexturePosition.fsh; path = Shaders/Renderer/TexturePosition.fsh; sourceTree = "<group>"; };
		CE2ED4E11B962942007343DA /* TexturePosition.vsh */ = {isa = PBXFileReference; fileEncoding = 4; lastKnownFileType = sourcecode.glsl; name = TexturePosition.vsh; path = Shaders/Renderer/TexturePosition.vsh; sourceTree = "<group>"; };
		CE2ED5201B96295B007343DA /* Advect.fsh */ = {isa = PBXFileReference; fileEncoding = 4; lastKnownFileType = sourcecode.glsl; name = Advect.fsh; path = Shaders/Engine/Advect.fsh; sourceTree = "<group>"; };
		CE2ED5211B96295B007343DA /* AdvectDensity.fsh */ = {isa = PBXFileReference; fileEncoding = 4; lastKnownFileType = sourcecode.glsl; name = AdvectDensity.fsh; path = Shaders/Engine/AdvectDensity.fsh; sourceTree = "<group>"; };
		CE2ED5231B96295B007343DA /* Div.fsh */ = {isa = PBXFileReference; fileEncoding = 4; lastKnownFileType = sourcecode.glsl; name = Div.fsh; path = Shaders/Engine/Div.fsh; sourceTree = "<group>"; };
		CE2ED5261B96295B007343DA /* Correct.fsh */ = {isa = PBXFileReference; fileEncoding = 4; lastKnownFileType = sourcecode.glsl; path = Correct.fsh; sourceTree = "<group>"; };
		CE2ED5281B96295B007343DA /* Prolongate.fsh */ = {isa = PBXFileReference; fileEncoding = 4; lastKnownFileType = sourcecode.glsl; path = Prolongate.fsh; sourceTree = "<group>"; };
		CE2ED5291B96295B007343DA /* Residual.fsh */ = {isa = PBXFileReference; fileEncoding = 4; lastKnownFileType = sourcecode.glsl; path = Residual.fsh; sourceTree = "<group>"; };
		CE2ED52A1B96295B007343DA /* Restrict.fsh */ = {isa = PBXFileReference; fileEncoding = 4; lastKnownFileType = sourcecode.glsl; path = Restrict.fsh; sourceTree = "<group>"; };
		CE2ED52D1B96295B007343DA /* Stencil.fsh */ = {isa = PBXFileReference; fileEncoding = 4; lastKnownFileType = sourcecode.glsl; path = Stencil.fsh; sourceTree = "<group>"; };
		CE2ED52E1B96295B007343DA /* SOR.fsh */ = {isa = PBXFileReference; fileEncoding = 4; lastKnownFileType = sourcecode.glsl; path = SOR.fsh; sourceTree = "<group>"; };
		CE2ED52F1B96295B007343DA /* Project.fsh */ = {isa = PBXFileReference; fileEncoding = 4; lastKnownFileType = sourcecode.glsl; name = Project.fsh; path = Shaders/Engine/Project.fsh; sourceTree = "<group>"; };
		CE2ED5321B96295B007343DA /* Weights.fsh */ = {isa = PBXFileReference; fileEncoding = 4; lastKnownFileType = sourcecode.glsl; name = Weights.fsh; path = Shaders/Engine/Weights.fsh; sourceTree = "<group>"; };
		CE2ED5431B962F0D007343DA /* hfloat.cpp */ = {isa = PBXFileReference; fileEncoding = 4; lastKnownFileType = sourcecode.cpp.cpp; name = hfloat.cpp; path = Renderer/hfloat.cpp; sourceTree = "<group>"; };
		CE2ED5441B962F0D007343DA /* hfloat.h */ = {isa = PBXFileReference; fileEncoding = 4; lastKnownFileType = sourcecode.c.h; name = hfloat.h; path = Renderer/hfloat.h; sourceTree = "<group>"; };
		CE2ED5491B9633DA007343DA /* Boundaries.cpp */ = {isa = PBXFileReference; fileEncoding = 4; lastKnownFileType = sourcecode.cpp.cpp; name = Boundaries.cpp; path = Engine/Boundaries.cpp; sourceTree = "<group>"; };
		CE2ED54A1B9633DA007343DA /* Boundaries.h */ = {isa = PBXFileReference; fileEncoding = 4; lastKnownFileType = sourcecode.c.h; name = Boundaries.h; path = Engine/Boundaries.h; sourceTree = "<group>"; };
		CE2ED54C1B96363B007343DA /* Size.h */ = {isa = PBXFileReference; lastKnownFileType = sourcecode.c.h; name = Size.h; path = Engine/Size.h; sourceTree = "<group>"; };
		CE50E24F1B862F0700548C19 /* WindowRenderer.cpp */ = {isa = PBXFileReference; fileEncoding = 4; lastKnownFileType = sourcecode.cpp.cpp; name = WindowRenderer.cpp; path = Visualiser/WindowRenderer.cpp; sourceTree = "<group>"; };
		CE50E2501B862F0700548C19 /* WindowRenderer.h */ = {isa = PBXFileReference; fileEncoding = 4; lastKnownFileType = sourcecode.c.h; name = WindowRenderer.h; path = Visualiser/WindowRenderer.h; sourceTree = "<group>"; };
		CE6D62CA1B84DF98006729F0 /* Vertex2D.app */ = {isa = PBXFileReference; explicitFileType = wrapper.application; includeInIndex = 0; path = Vertex2D.app; sourceTree = BUILT_PRODUCTS_DIR; };
		CE6D62CE1B84DF98006729F0 /* Info.plist */ = {isa = PBXFileReference; lastKnownFileType = text.plist.xml; path = Info.plist; sourceTree = "<group>"; };
		CE6D62ED1B84E001006729F0 /* main.cpp */ = {isa = PBXFileReference; fileEncoding = 4; lastKnownFileType = sourcecode.cpp.cpp; path = main.cpp; sourceTree = "<group>"; };
		CE6D62F21B84E20D006729F0 /* Texture.h */ = {isa = PBXFileReference; fileEncoding = 4; lastKnownFileType = sourcecode.c.h; name = Texture.h; path = Renderer/Texture.h; sourceTree = "<group>"; };
		CE6D62F31B84E20D006729F0 /* RenderTexture.cpp */ = {isa = PBXFileReference; fileEncoding = 4; lastKnownFileType = sourcecode.cpp.cpp; name = RenderTexture.cpp; path = Renderer/RenderTexture.cpp; sourceTree = "<group>"; };
		CE6D62F51B84E20D006729F0 /* RenderTexture.h */ = {isa = PBXFileReference; fileEncoding = 4; lastKnownFileType = sourcecode.c.h; name = RenderTexture.h; path = Renderer/RenderTexture.h; sourceTree = "<group>"; };
		CE6D62F81B84E20D006729F0 /* Common.h */ = {isa = PBXFileReference; fileEncoding = 4; lastKnownFileType = sourcecode.c.h; name = Common.h; path = Renderer/Common.h; sourceTree = "<group>"; };
		CE6D62FB1B84E20D006729F0 /* Shader.h */ = {isa = PBXFileReference; fileEncoding = 4; lastKnownFileType = sourcecode.c.h; name = Shader.h; path = Renderer/Shader.h; sourceTree = "<group>"; };
		CE6D62FE1B84E20D006729F0 /* Shapes.cpp */ = {isa = PBXFileReference; fileEncoding = 4; lastKnownFileType = sourcecode.cpp.cpp; name = Shapes.cpp; path = Renderer/Shapes.cpp; sourceTree = "<group>"; };
		CE6D62FF1B84E20D006729F0 /* Shapes.h */ = {isa = PBXFileReference; fileEncoding = 4; lastKnownFileType = sourcecode.c.h; name = Shapes.h; path = Renderer/Shapes.h; sourceTree = "<group>"; };
		CE6D63011B84E20D006729F0 /* Shader.cpp */ = {isa = PBXFileReference; fileEncoding = 4; lastKnownFileType = sourcecode.cpp.cpp; name = Shader.cpp; path = Renderer/Shader.cpp; sourceTree = "<group>"; };
		CE6D63051B84E20D006729F0 /* Texture.cpp */ = {isa = PBXFileReference; fileEncoding = 4; lastKnownFileType = sourcecode.cpp.cpp; name = Texture.cpp; path = Renderer/Texture.cpp; sourceTree = "<group>"; };
		CE6D63061B84E20D006729F0 /* Drawable.h */ = {isa = PBXFileReference; fileEncoding = 4; lastKnownFileType = sourcecode.c.h; name = Drawable.h; path = Renderer/Drawable.h; sourceTree = "<group>"; };
		CE6D63081B84E20D006729F0 /* Uniform.h */ = {isa = PBXFileReference; fileEncoding = 4; lastKnownFileType = sourcecode.c.h; name = Uniform.h; path = Renderer/Uniform.h; sourceTree = "<group>"; };
		CE6D63131B84E5E3006729F0 /* OpenGL.framework */ = {isa = PBXFileReference; lastKnownFileType = wrapper.framework; name = OpenGL.framework; path = System/Library/Frameworks/OpenGL.framework; sourceTree = SDKROOT; };
		CE6D63151B84E603006729F0 /* Transformable.h */ = {isa = PBXFileReference; fileEncoding = 4; lastKnownFileType = sourcecode.c.h; name = Transformable.h; path = Renderer/Transformable.h; sourceTree = "<group>"; };
		CE6D63161B84E790006729F0 /* ResourcePath.h */ = {isa = PBXFileReference; fileEncoding = 4; lastKnownFileType = sourcecode.c.h; path = ResourcePath.h; sourceTree = "<group>"; };
		CE6D631A1B84E7B6006729F0 /* Engine.h */ = {isa = PBXFileReference; fileEncoding = 4; lastKnownFileType = sourcecode.c.h; name = Engine.h; path = Engine/Engine.h; sourceTree = "<group>"; };
		CE6D631B1B84E7B6006729F0 /* Engine.cpp */ = {isa = PBXFileReference; fileEncoding = 4; lastKnownFileType = sourcecode.cpp.cpp; name = Engine.cpp; path = Engine/Engine.cpp; sourceTree = "<group>"; };
		CE6D632B1B84EAEA006729F0 /* Quad.cpp */ = {isa = PBXFileReference; fileEncoding = 4; lastKnownFileType = sourcecode.cpp.cpp; name = Quad.cpp; path = Renderer/Quad.cpp; sourceTree = "<group>"; };
		CE6D632C1B84EAEA006729F0 /* Quad.h */ = {isa = PBXFileReference; fileEncoding = 4; lastKnownFileType = sourcecode.c.h; name = Quad.h; path = Renderer/Quad.h; sourceTree = "<group>"; };
		CE6D63331B84ED96006729F0 /* LinearSolver.h */ = {isa = PBXFileReference; fileEncoding = 4; lastKnownFileType = sourcecode.c.h; name = LinearSolver.h; path = Engine/LinearSolver/LinearSolver.h; sourceTree = "<group>"; };
		CE6D63341B84ED96006729F0 /* SuccessiveOverRelaxation.cpp */ = {isa = PBXFileReference; fileEncoding = 4; lastKnownFileType = sourcecode.cpp.cpp; name = SuccessiveOverRelaxation.cpp; path = Engine/LinearSolver/SuccessiveOverRelaxation.cpp; sourceTree = "<group>"; };
		CE6D63351B84ED96006729F0 /* SuccessiveOverRelaxation.h */ = {isa = PBXFileReference; fileEncoding = 4; lastKnownFileType = sourcecode.c.h; name = SuccessiveOverRelaxation.h; path = Engine/LinearSolver/SuccessiveOverRelaxation.h; sourceTree = "<group>"; };
		CE6D636C1B84F4DB006729F0 /* Reader.cpp */ = {isa = PBXFileReference; fileEncoding = 4; lastKnownFileType = sourcecode.cpp.cpp; name = Reader.cpp; path = Renderer/Reader.cpp; sourceTree = "<group>"; };
		CE6D636D1B84F4DB006729F0 /* Reader.h */ = {isa = PBXFileReference; fileEncoding = 4; lastKnownFileType = sourcecode.c.h; name = Reader.h; path = Renderer/Reader.h; sourceTree = "<group>"; };
		CE6D63711B850064006729F0 /* Disable.h */ = {isa = PBXFileReference; fileEncoding = 4; lastKnownFileType = sourcecode.c.h; name = Disable.h; path = Renderer/Disable.h; sourceTree = "<group>"; };
		CE6E0F671B9F4DF800D77927 /* Advection.cpp */ = {isa = PBXFileReference; fileEncoding = 4; lastKnownFileType = sourcecode.cpp.cpp; name = Advection.cpp; path = Engine/Advection.cpp; sourceTree = "<group>"; };
		CE6E0F681B9F4DF800D77927 /* Advection.h */ = {isa = PBXFileReference; fileEncoding = 4; lastKnownFileType = sourcecode.c.h; name = Advection.h; path = Engine/Advection.h; sourceTree = "<group>"; };
		CE6E0F6C1BA2113A00D77927 /* Multigrid.cpp */ = {isa = PBXFileReference; fileEncoding = 4; lastKnownFileType = sourcecode.cpp.cpp; path = Multigrid.cpp; sourceTree = "<group>"; };
		CE6E0F6D1BA2113A00D77927 /* Multigrid.h */ = {isa = PBXFileReference; fileEncoding = 4; lastKnownFileType = sourcecode.c.h; path = Multigrid.h; sourceTree = "<group>"; };
		CE92420F1BA88656003E0869 /* ConjugateGradient.cpp */ = {isa = PBXFileReference; fileEncoding = 4; lastKnownFileType = sourcecode.cpp.cpp; name = ConjugateGradient.cpp; path = Engine/LinearSolver/ConjugateGradient.cpp; sourceTree = "<group>"; };
		CE9242101BA88656003E0869 /* ConjugateGradient.h */ = {isa = PBXFileReference; fileEncoding = 4; lastKnownFileType = sourcecode.c.h; name = ConjugateGradient.h; path = Engine/LinearSolver/ConjugateGradient.h; sourceTree = "<group>"; };
		CE9242131BA893BB003E0869 /* Reduce.h */ = {isa = PBXFileReference; fileEncoding = 4; lastKnownFileType = sourcecode.c.h; name = Reduce.h; path = Engine/LinearSolver/Reduce.h; sourceTree = "<group>"; };
		CE9242181BA896F0003E0869 /* Reduce.fsh */ = {isa = PBXFileReference; fileEncoding = 4; lastKnownFileType = sourcecode.glsl; path = Reduce.fsh; sourceTree = "<group>"; };
		CE92421A1BA9D3C0003E0869 /* Operator.h */ = {isa = PBXFileReference; lastKnownFileType = sourcecode.c.h; path = Operator.h; sourceTree = "<group>"; };
		CEA4B5101BBB116100D0830F /* MultiplySub.fsh */ = {isa = PBXFileReference; fileEncoding = 4; lastKnownFileType = sourcecode.glsl; path = MultiplySub.fsh; sourceTree = "<group>"; };
		CECA49AC1BB7F38800067D3B /* Sprite.cpp */ = {isa = PBXFileReference; fileEncoding = 4; lastKnownFileType = sourcecode.cpp.cpp; name = Sprite.cpp; path = Renderer/Sprite.cpp; sourceTree = "<group>"; };
		CECA49AD1BB7F38800067D3B /* Sprite.h */ = {isa = PBXFileReference; fileEncoding = 4; lastKnownFileType = sourcecode.c.h; name = Sprite.h; path = Renderer/Sprite.h; sourceTree = "<group>"; };
		CECA49AF1BB7FA4600067D3B /* MultiplyMatrix.fsh */ = {isa = PBXFileReference; fileEncoding = 4; lastKnownFileType = sourcecode.glsl; path = MultiplyMatrix.fsh; sourceTree = "<group>"; };
		CECA49B11BB7FA9300067D3B /* MultiplyAdd.fsh */ = {isa = PBXFileReference; fileEncoding = 4; lastKnownFileType = sourcecode.glsl; path = MultiplyAdd.fsh; sourceTree = "<group>"; };
		CECA49B31BB7FA9D00067D3B /* Divide.fsh */ = {isa = PBXFileReference; fileEncoding = 4; lastKnownFileType = sourcecode.glsl; path = Divide.fsh; sourceTree = "<group>"; };
		CECA49B51BB7FD2A00067D3B /* Multiply.fsh */ = {isa = PBXFileReference; fileEncoding = 4; lastKnownFileType = sourcecode.glsl; path = Multiply.fsh; sourceTree = "<group>"; };
/* End PBXFileReference section */

/* Begin PBXFrameworksBuildPhase section */
		CE6D62C71B84DF98006729F0 /* Frameworks */ = {
			isa = PBXFrameworksBuildPhase;
			buildActionMask = 2147483647;
			files = (
				CE50E2531B863B0600548C19 /* OpenGL.framework in Frameworks */,
			);
			runOnlyForDeploymentPostprocessing = 0;
		};
/* End PBXFrameworksBuildPhase section */

/* Begin PBXGroup section */
		CE2ED5241B96295B007343DA /* LinearSolver */ = {
			isa = PBXGroup;
			children = (
				CE9242151BA89437003E0869 /* ConjugateGradient */,
				CE2ED5251B96295B007343DA /* Multigrid */,
				CE2ED52C1B96295B007343DA /* SOR */,
			);
			name = LinearSolver;
			path = Shaders/Engine/LinearSolver;
			sourceTree = "<group>";
		};
		CE2ED5251B96295B007343DA /* Multigrid */ = {
			isa = PBXGroup;
			children = (
				CE2ED5261B96295B007343DA /* Correct.fsh */,
				CE2ED5281B96295B007343DA /* Prolongate.fsh */,
				CE2ED5291B96295B007343DA /* Residual.fsh */,
				CE2ED52A1B96295B007343DA /* Restrict.fsh */,
			);
			path = Multigrid;
			sourceTree = "<group>";
		};
		CE2ED52C1B96295B007343DA /* SOR */ = {
			isa = PBXGroup;
			children = (
				CE2ED52D1B96295B007343DA /* Stencil.fsh */,
				CE2ED52E1B96295B007343DA /* SOR.fsh */,
			);
			path = SOR;
			sourceTree = "<group>";
		};
		CE6D62C11B84DF98006729F0 = {
			isa = PBXGroup;
			children = (
				CE6D63131B84E5E3006729F0 /* OpenGL.framework */,
				CE6D62CC1B84DF98006729F0 /* Vertex2D */,
				CE6D62CB1B84DF98006729F0 /* Products */,
			);
			sourceTree = "<group>";
		};
		CE6D62CB1B84DF98006729F0 /* Products */ = {
			isa = PBXGroup;
			children = (
				CE6D62CA1B84DF98006729F0 /* Vertex2D.app */,
			);
			name = Products;
			sourceTree = "<group>";
		};
		CE6D62CC1B84DF98006729F0 /* Vertex2D */ = {
			isa = PBXGroup;
			children = (
				CE6D636F1B84FE01006729F0 /* Visualiser */,
				CE6D63371B84F18F006729F0 /* Shaders */,
				CE6D63191B84E7AC006729F0 /* Engine */,
				CE6D62F11B84E201006729F0 /* Renderer */,
				CE6D62CD1B84DF98006729F0 /* Supporting Files */,
				CE6D62ED1B84E001006729F0 /* main.cpp */,
				CE6D63161B84E790006729F0 /* ResourcePath.h */,
			);
			path = Vertex2D;
			sourceTree = "<group>";
		};
		CE6D62CD1B84DF98006729F0 /* Supporting Files */ = {
			isa = PBXGroup;
			children = (
				CE6D62CE1B84DF98006729F0 /* Info.plist */,
			);
			name = "Supporting Files";
			sourceTree = "<group>";
		};
		CE6D62F11B84E201006729F0 /* Renderer */ = {
			isa = PBXGroup;
			children = (
				CE2ED5431B962F0D007343DA /* hfloat.cpp */,
				CE2ED5441B962F0D007343DA /* hfloat.h */,
				CE6D63711B850064006729F0 /* Disable.h */,
				CE6D63151B84E603006729F0 /* Transformable.h */,
				CE6D62F21B84E20D006729F0 /* Texture.h */,
				CE6D63051B84E20D006729F0 /* Texture.cpp */,
				CE6D62F51B84E20D006729F0 /* RenderTexture.h */,
				CE6D62F31B84E20D006729F0 /* RenderTexture.cpp */,
				CE6D62F81B84E20D006729F0 /* Common.h */,
				CE6D62FB1B84E20D006729F0 /* Shader.h */,
				CE6D63011B84E20D006729F0 /* Shader.cpp */,
				CE6D62FF1B84E20D006729F0 /* Shapes.h */,
				CE6D62FE1B84E20D006729F0 /* Shapes.cpp */,
				CE6D63061B84E20D006729F0 /* Drawable.h */,
				CE6D63081B84E20D006729F0 /* Uniform.h */,
				CE6D632C1B84EAEA006729F0 /* Quad.h */,
				CE6D632B1B84EAEA006729F0 /* Quad.cpp */,
				CE6D636C1B84F4DB006729F0 /* Reader.cpp */,
				CE6D636D1B84F4DB006729F0 /* Reader.h */,
				CECA49AC1BB7F38800067D3B /* Sprite.cpp */,
				CECA49AD1BB7F38800067D3B /* Sprite.h */,
			);
			name = Renderer;
			sourceTree = "<group>";
		};
		CE6D63191B84E7AC006729F0 /* Engine */ = {
			isa = PBXGroup;
			children = (
				CE6D632E1B84EC14006729F0 /* LinearSolver */,
				CE2ED5491B9633DA007343DA /* Boundaries.cpp */,
				CE2ED54A1B9633DA007343DA /* Boundaries.h */,
				CE6D631B1B84E7B6006729F0 /* Engine.cpp */,
				CE6D631A1B84E7B6006729F0 /* Engine.h */,
				CE2ED54C1B96363B007343DA /* Size.h */,
				CE6E0F671B9F4DF800D77927 /* Advection.cpp */,
				CE6E0F681B9F4DF800D77927 /* Advection.h */,
				CE92421A1BA9D3C0003E0869 /* Operator.h */,
			);
			name = Engine;
			sourceTree = "<group>";
		};
		CE6D632E1B84EC14006729F0 /* LinearSolver */ = {
			isa = PBXGroup;
			children = (
				CE6D63331B84ED96006729F0 /* LinearSolver.h */,
				CE6D63341B84ED96006729F0 /* SuccessiveOverRelaxation.cpp */,
				CE6D63351B84ED96006729F0 /* SuccessiveOverRelaxation.h */,
				CE6E0F6C1BA2113A00D77927 /* Multigrid.cpp */,
				CE6E0F6D1BA2113A00D77927 /* Multigrid.h */,
				CE92420F1BA88656003E0869 /* ConjugateGradient.cpp */,
				CE9242101BA88656003E0869 /* ConjugateGradient.h */,
				CE9242131BA893BB003E0869 /* Reduce.h */,
			);
			name = LinearSolver;
			sourceTree = "<group>";
		};
		CE6D63371B84F18F006729F0 /* Shaders */ = {
			isa = PBXGroup;
			children = (
				CE9F2C641B88C63C00EDDF5A /* Engine */,
				CE9F2C631B88C62B00EDDF5A /* Renderer */,
			);
			name = Shaders;
			sourceTree = "<group>";
		};
		CE6D636F1B84FE01006729F0 /* Visualiser */ = {
			isa = PBXGroup;
			children = (
				CE50E24F1B862F0700548C19 /* WindowRenderer.cpp */,
				CE50E2501B862F0700548C19 /* WindowRenderer.h */,
			);
			name = Visualiser;
			sourceTree = "<group>";
		};
		CE9242151BA89437003E0869 /* ConjugateGradient */ = {
			isa = PBXGroup;
			children = (
				CE079CD11BBD9BAF008187C8 /* Reduce.vsh */,
				CE9242181BA896F0003E0869 /* Reduce.fsh */,
				CECA49AF1BB7FA4600067D3B /* MultiplyMatrix.fsh */,
				CECA49B11BB7FA9300067D3B /* MultiplyAdd.fsh */,
				CECA49B31BB7FA9D00067D3B /* Divide.fsh */,
				CECA49B51BB7FD2A00067D3B /* Multiply.fsh */,
				CEA4B5101BBB116100D0830F /* MultiplySub.fsh */,
			);
			name = ConjugateGradient;
			path = Multigrid;
			sourceTree = "<group>";
		};
		CE9F2C631B88C62B00EDDF5A /* Renderer */ = {
			isa = PBXGroup;
			children = (
				CE2ED4DE1B962942007343DA /* Position.fsh */,
				CE2ED4DF1B962942007343DA /* Position.vsh */,
				CE2ED4E01B962942007343DA /* TexturePosition.fsh */,
				CE2ED4E11B962942007343DA /* TexturePosition.vsh */,
			);
			name = Renderer;
			sourceTree = "<group>";
		};
		CE9F2C641B88C63C00EDDF5A /* Engine */ = {
			isa = PBXGroup;
			children = (
				CE2ED5241B96295B007343DA /* LinearSolver */,
				CE2ED5201B96295B007343DA /* Advect.fsh */,
				CE2ED5211B96295B007343DA /* AdvectDensity.fsh */,
				CE2ED5231B96295B007343DA /* Div.fsh */,
				CE2ED52F1B96295B007343DA /* Project.fsh */,
				CE2ED5321B96295B007343DA /* Weights.fsh */,
			);
			name = Engine;
			sourceTree = "<group>";
		};
/* End PBXGroup section */

/* Begin PBXNativeTarget section */
		CE6D62C91B84DF98006729F0 /* Vertex2D */ = {
			isa = PBXNativeTarget;
			buildConfigurationList = CE6D62E71B84DF98006729F0 /* Build configuration list for PBXNativeTarget "Vertex2D" */;
			buildPhases = (
				CE6D62C61B84DF98006729F0 /* Sources */,
				CE6D62C71B84DF98006729F0 /* Frameworks */,
				CE6D62C81B84DF98006729F0 /* Resources */,
			);
			buildRules = (
			);
			dependencies = (
			);
			name = Vertex2D;
			productName = Vertex2D;
			productReference = CE6D62CA1B84DF98006729F0 /* Vertex2D.app */;
			productType = "com.apple.product-type.application";
		};
/* End PBXNativeTarget section */

/* Begin PBXProject section */
		CE6D62C21B84DF98006729F0 /* Project object */ = {
			isa = PBXProject;
			attributes = {
				LastUpgradeCheck = 0620;
				ORGANIZATIONNAME = "Maximilian Maldacker";
				TargetAttributes = {
					CE6D62C91B84DF98006729F0 = {
						CreatedOnToolsVersion = 6.2;
					};
				};
			};
			buildConfigurationList = CE6D62C51B84DF98006729F0 /* Build configuration list for PBXProject "Vertex2D" */;
			compatibilityVersion = "Xcode 3.2";
			developmentRegion = English;
			hasScannedForEncodings = 0;
			knownRegions = (
				en,
				Base,
			);
			mainGroup = CE6D62C11B84DF98006729F0;
			productRefGroup = CE6D62CB1B84DF98006729F0 /* Products */;
			projectDirPath = "";
			projectRoot = "";
			targets = (
				CE6D62C91B84DF98006729F0 /* Vertex2D */,
			);
		};
/* End PBXProject section */

/* Begin PBXResourcesBuildPhase section */
		CE6D62C81B84DF98006729F0 /* Resources */ = {
			isa = PBXResourcesBuildPhase;
			buildActionMask = 2147483647;
			files = (
				CE079CD21BBD9BAF008187C8 /* Reduce.vsh in Resources */,
				CECA49B61BB7FD2A00067D3B /* Multiply.fsh in Resources */,
				CECA49B41BB7FA9D00067D3B /* Divide.fsh in Resources */,
				CE2ED5371B96295B007343DA /* Correct.fsh in Resources */,
				CECA49B01BB7FA4600067D3B /* MultiplyMatrix.fsh in Resources */,
				CE2ED53B1B96295B007343DA /* Restrict.fsh in Resources */,
				CEA4B5111BBB116100D0830F /* MultiplySub.fsh in Resources */,
				CECA49B21BB7FA9300067D3B /* MultiplyAdd.fsh in Resources */,
				CE2ED53D1B96295B007343DA /* Stencil.fsh in Resources */,
				CE2ED5421B96295B007343DA /* Weights.fsh in Resources */,
				CE2ED4E81B962942007343DA /* TexturePosition.fsh in Resources */,
				CE2ED5391B96295B007343DA /* Prolongate.fsh in Resources */,
				CE9242191BA896F0003E0869 /* Reduce.fsh in Resources */,
				CE2ED53F1B96295B007343DA /* Project.fsh in Resources */,
				CE2ED5361B96295B007343DA /* Div.fsh in Resources */,
				CE2ED4E61B962942007343DA /* Position.fsh in Resources */,
				CE2ED53A1B96295B007343DA /* Residual.fsh in Resources */,
				CE2ED4E91B962942007343DA /* TexturePosition.vsh in Resources */,
				CE2ED5341B96295B007343DA /* AdvectDensity.fsh in Resources */,
				CE2ED4E71B962942007343DA /* Position.vsh in Resources */,
				CE2ED53E1B96295B007343DA /* SOR.fsh in Resources */,
				CE2ED5331B96295B007343DA /* Advect.fsh in Resources */,
			);
			runOnlyForDeploymentPostprocessing = 0;
		};
/* End PBXResourcesBuildPhase section */

/* Begin PBXSourcesBuildPhase section */
		CE6D62C61B84DF98006729F0 /* Sources */ = {
			isa = PBXSourcesBuildPhase;
			buildActionMask = 2147483647;
			files = (
				CE6D632D1B84EAEA006729F0 /* Quad.cpp in Sources */,
				CE6D63101B84E20D006729F0 /* Shader.cpp in Sources */,
				CE50E2511B862F0700548C19 /* WindowRenderer.cpp in Sources */,
				CE9242111BA88656003E0869 /* ConjugateGradient.cpp in Sources */,
				CE6D63231B84E7B6006729F0 /* Engine.cpp in Sources */,
				CE6E0F6E1BA2113A00D77927 /* Multigrid.cpp in Sources */,
				CE6E0F691B9F4DF800D77927 /* Advection.cpp in Sources */,
				CE6D630E1B84E20D006729F0 /* Shapes.cpp in Sources */,
				CE6D63361B84ED96006729F0 /* SuccessiveOverRelaxation.cpp in Sources */,
				CE6D62EE1B84E001006729F0 /* main.cpp in Sources */,
				CE6D63091B84E20D006729F0 /* RenderTexture.cpp in Sources */,
				CECA49AE1BB7F38800067D3B /* Sprite.cpp in Sources */,
				CE6D636E1B84F4DB006729F0 /* Reader.cpp in Sources */,
				CE2ED54B1B9633DA007343DA /* Boundaries.cpp in Sources */,
				CE2ED5451B962F0D007343DA /* hfloat.cpp in Sources */,
				CE6D63121B84E20D006729F0 /* Texture.cpp in Sources */,
			);
			runOnlyForDeploymentPostprocessing = 0;
		};
/* End PBXSourcesBuildPhase section */

/* Begin XCBuildConfiguration section */
		CE6D62E51B84DF98006729F0 /* Debug */ = {
			isa = XCBuildConfiguration;
			buildSettings = {
				ALWAYS_SEARCH_USER_PATHS = NO;
				CLANG_CXX_LANGUAGE_STANDARD = "gnu++0x";
				CLANG_CXX_LIBRARY = "libc++";
				CLANG_ENABLE_MODULES = YES;
				CLANG_ENABLE_OBJC_ARC = YES;
				CLANG_WARN_BOOL_CONVERSION = YES;
				CLANG_WARN_CONSTANT_CONVERSION = YES;
				CLANG_WARN_DIRECT_OBJC_ISA_USAGE = YES_ERROR;
				CLANG_WARN_EMPTY_BODY = YES;
				CLANG_WARN_ENUM_CONVERSION = YES;
				CLANG_WARN_INT_CONVERSION = YES;
				CLANG_WARN_OBJC_ROOT_CLASS = YES_ERROR;
				CLANG_WARN_UNREACHABLE_CODE = YES;
				CLANG_WARN__DUPLICATE_METHOD_MATCH = YES;
				CODE_SIGN_IDENTITY = "-";
				COPY_PHASE_STRIP = NO;
				ENABLE_STRICT_OBJC_MSGSEND = YES;
				GCC_C_LANGUAGE_STANDARD = gnu99;
				GCC_DYNAMIC_NO_PIC = NO;
				GCC_OPTIMIZATION_LEVEL = 0;
				GCC_PREPROCESSOR_DEFINITIONS = (
					"DEBUG=1",
					"$(inherited)",
				);
				GCC_SYMBOLS_PRIVATE_EXTERN = NO;
				GCC_WARN_64_TO_32_BIT_CONVERSION = YES;
				GCC_WARN_ABOUT_RETURN_TYPE = YES_ERROR;
				GCC_WARN_UNDECLARED_SELECTOR = YES;
				GCC_WARN_UNINITIALIZED_AUTOS = YES_AGGRESSIVE;
				GCC_WARN_UNUSED_FUNCTION = YES;
				GCC_WARN_UNUSED_VARIABLE = YES;
				MACOSX_DEPLOYMENT_TARGET = 10.9;
				MTL_ENABLE_DEBUG_INFO = YES;
				ONLY_ACTIVE_ARCH = YES;
				SDKROOT = macosx;
			};
			name = Debug;
		};
		CE6D62E61B84DF98006729F0 /* Release */ = {
			isa = XCBuildConfiguration;
			buildSettings = {
				ALWAYS_SEARCH_USER_PATHS = NO;
				CLANG_CXX_LANGUAGE_STANDARD = "gnu++0x";
				CLANG_CXX_LIBRARY = "libc++";
				CLANG_ENABLE_MODULES = YES;
				CLANG_ENABLE_OBJC_ARC = YES;
				CLANG_WARN_BOOL_CONVERSION = YES;
				CLANG_WARN_CONSTANT_CONVERSION = YES;
				CLANG_WARN_DIRECT_OBJC_ISA_USAGE = YES_ERROR;
				CLANG_WARN_EMPTY_BODY = YES;
				CLANG_WARN_ENUM_CONVERSION = YES;
				CLANG_WARN_INT_CONVERSION = YES;
				CLANG_WARN_OBJC_ROOT_CLASS = YES_ERROR;
				CLANG_WARN_UNREACHABLE_CODE = YES;
				CLANG_WARN__DUPLICATE_METHOD_MATCH = YES;
				CODE_SIGN_IDENTITY = "-";
				COPY_PHASE_STRIP = NO;
				DEBUG_INFORMATION_FORMAT = "dwarf-with-dsym";
				ENABLE_NS_ASSERTIONS = NO;
				ENABLE_STRICT_OBJC_MSGSEND = YES;
				GCC_C_LANGUAGE_STANDARD = gnu99;
				GCC_WARN_64_TO_32_BIT_CONVERSION = YES;
				GCC_WARN_ABOUT_RETURN_TYPE = YES_ERROR;
				GCC_WARN_UNDECLARED_SELECTOR = YES;
				GCC_WARN_UNINITIALIZED_AUTOS = YES_AGGRESSIVE;
				GCC_WARN_UNUSED_FUNCTION = YES;
				GCC_WARN_UNUSED_VARIABLE = YES;
				MACOSX_DEPLOYMENT_TARGET = 10.9;
				MTL_ENABLE_DEBUG_INFO = NO;
				SDKROOT = macosx;
			};
			name = Release;
		};
		CE6D62E81B84DF98006729F0 /* Debug */ = {
			isa = XCBuildConfiguration;
			buildSettings = {
				ASSETCATALOG_COMPILER_APPICON_NAME = AppIcon;
				COMBINE_HIDPI_IMAGES = YES;
				FRAMEWORK_SEARCH_PATHS = (
					"$(inherited)",
					"$(LOCAL_LIBRARY_DIR)/Frameworks",
				);
				HEADER_SEARCH_PATHS = (
					"$(inherited)",
					/Applications/Xcode.app/Contents/Developer/Toolchains/XcodeDefault.xctoolchain/usr/include,
					/opt/local/include/,
				);
				INFOPLIST_FILE = Vertex2D/Info.plist;
				LD_RUNPATH_SEARCH_PATHS = "$(inherited) @executable_path/../Frameworks";
				LIBRARY_SEARCH_PATHS = /opt/local/lib;
				OTHER_LDFLAGS = "-lGLFW";
				PRODUCT_NAME = "$(TARGET_NAME)";
			};
			name = Debug;
		};
		CE6D62E91B84DF98006729F0 /* Release */ = {
			isa = XCBuildConfiguration;
			buildSettings = {
				ASSETCATALOG_COMPILER_APPICON_NAME = AppIcon;
				COMBINE_HIDPI_IMAGES = YES;
				FRAMEWORK_SEARCH_PATHS = (
					"$(inherited)",
					"$(LOCAL_LIBRARY_DIR)/Frameworks",
				);
				HEADER_SEARCH_PATHS = (
					"$(inherited)",
					/Applications/Xcode.app/Contents/Developer/Toolchains/XcodeDefault.xctoolchain/usr/include,
					/opt/local/include/,
				);
				INFOPLIST_FILE = Vertex2D/Info.plist;
				LD_RUNPATH_SEARCH_PATHS = "$(inherited) @executable_path/../Frameworks";
				LIBRARY_SEARCH_PATHS = /opt/local/lib;
				OTHER_LDFLAGS = "-lGLFW";
				PRODUCT_NAME = "$(TARGET_NAME)";
			};
			name = Release;
		};
/* End XCBuildConfiguration section */

/* Begin XCConfigurationList section */
		CE6D62C51B84DF98006729F0 /* Build configuration list for PBXProject "Vertex2D" */ = {
			isa = XCConfigurationList;
			buildConfigurations = (
				CE6D62E51B84DF98006729F0 /* Debug */,
				CE6D62E61B84DF98006729F0 /* Release */,
			);
			defaultConfigurationIsVisible = 0;
			defaultConfigurationName = Release;
		};
		CE6D62E71B84DF98006729F0 /* Build configuration list for PBXNativeTarget "Vertex2D" */ = {
			isa = XCConfigurationList;
			buildConfigurations = (
				CE6D62E81B84DF98006729F0 /* Debug */,
				CE6D62E91B84DF98006729F0 /* Release */,
			);
			defaultConfigurationIsVisible = 0;
			defaultConfigurationName = Release;
		};
/* End XCConfigurationList section */
	};
	rootObject = CE6D62C21B84DF98006729F0 /* Project object */;
}
